
Microsoft Visual Studio Solution File, Format Version 12.00
# Visual Studio Version 16
VisualStudioVersion = 16.0.30114.105
MinimumVisualStudioVersion = 10.0.40219.1
Project("{2150E333-8FDC-42A3-9474-1A3956D46DE8}") = "src", "src", "{0DDBECE8-AFEB-4139-B94A-D4062AAF97AC}"
EndProject
Project("{FAE04EC0-301F-11D3-BF4B-00C04F79EFBC}") = "GradeBook", "src\GradeBook\GradeBook.csproj", "{25EA6B12-8EB7-4EAA-847D-4E85D7768FB3}"
EndProject
Project("{2150E333-8FDC-42A3-9474-1A3956D46DE8}") = "test", "test", "{FE297B4D-134A-4F5F-9E09-81B908ABC41A}"
EndProject
Project("{FAE04EC0-301F-11D3-BF4B-00C04F79EFBC}") = "GradeBook.test", "test\GradeBook.Test\GradeBook.test.csproj", "{4A5CA779-7BF3-49EB-8B54-E83DD6C577D4}"
EndProject
Global
	GlobalSection(SolutionConfigurationPlatforms) = preSolution
		Debug|Any CPU = Debug|Any CPU
		Debug|x64 = Debug|x64
		Debug|x86 = Debug|x86
		Release|Any CPU = Release|Any CPU
		Release|x64 = Release|x64
		Release|x86 = Release|x86
	EndGlobalSection
	GlobalSection(SolutionProperties) = preSolution
		HideSolutionNode = FALSE
	EndGlobalSection
	GlobalSection(ProjectConfigurationPlatforms) = postSolution
		{25EA6B12-8EB7-4EAA-847D-4E85D7768FB3}.Debug|Any CPU.ActiveCfg = Debug|Any CPU
		{25EA6B12-8EB7-4EAA-847D-4E85D7768FB3}.Debug|Any CPU.Build.0 = Debug|Any CPU
		{25EA6B12-8EB7-4EAA-847D-4E85D7768FB3}.Debug|x64.ActiveCfg = Debug|Any CPU
		{25EA6B12-8EB7-4EAA-847D-4E85D7768FB3}.Debug|x64.Build.0 = Debug|Any CPU
		{25EA6B12-8EB7-4EAA-847D-4E85D7768FB3}.Debug|x86.ActiveCfg = Debug|Any CPU
		{25EA6B12-8EB7-4EAA-847D-4E85D7768FB3}.Debug|x86.Build.0 = Debug|Any CPU
		{25EA6B12-8EB7-4EAA-847D-4E85D7768FB3}.Release|Any CPU.ActiveCfg = Release|Any CPU
		{25EA6B12-8EB7-4EAA-847D-4E85D7768FB3}.Release|Any CPU.Build.0 = Release|Any CPU
		{25EA6B12-8EB7-4EAA-847D-4E85D7768FB3}.Release|x64.ActiveCfg = Release|Any CPU
		{25EA6B12-8EB7-4EAA-847D-4E85D7768FB3}.Release|x64.Build.0 = Release|Any CPU
		{25EA6B12-8EB7-4EAA-847D-4E85D7768FB3}.Release|x86.ActiveCfg = Release|Any CPU
		{25EA6B12-8EB7-4EAA-847D-4E85D7768FB3}.Release|x86.Build.0 = Release|Any CPU
		{4A5CA779-7BF3-49EB-8B54-E83DD6C577D4}.Debug|Any CPU.ActiveCfg = Debug|Any CPU
		{4A5CA779-7BF3-49EB-8B54-E83DD6C577D4}.Debug|Any CPU.Build.0 = Debug|Any CPU
		{4A5CA779-7BF3-49EB-8B54-E83DD6C577D4}.Debug|x64.ActiveCfg = Debug|Any CPU
		{4A5CA779-7BF3-49EB-8B54-E83DD6C577D4}.Debug|x64.Build.0 = Debug|Any CPU
		{4A5CA779-7BF3-49EB-8B54-E83DD6C577D4}.Debug|x86.ActiveCfg = Debug|Any CPU
		{4A5CA779-7BF3-49EB-8B54-E83DD6C577D4}.Debug|x86.Build.0 = Debug|Any CPU
		{4A5CA779-7BF3-49EB-8B54-E83DD6C577D4}.Release|Any CPU.ActiveCfg = Release|Any CPU
		{4A5CA779-7BF3-49EB-8B54-E83DD6C577D4}.Release|Any CPU.Build.0 = Release|Any CPU
		{4A5CA779-7BF3-49EB-8B54-E83DD6C577D4}.Release|x64.ActiveCfg = Release|Any CPU
		{4A5CA779-7BF3-49EB-8B54-E83DD6C577D4}.Release|x64.Build.0 = Release|Any CPU
		{4A5CA779-7BF3-49EB-8B54-E83DD6C577D4}.Release|x86.ActiveCfg = Release|Any CPU
		{4A5CA779-7BF3-49EB-8B54-E83DD6C577D4}.Release|x86.Build.0 = Release|Any CPU
	EndGlobalSection
	GlobalSection(NestedProjects) = preSolution
		{25EA6B12-8EB7-4EAA-847D-4E85D7768FB3} = {0DDBECE8-AFEB-4139-B94A-D4062AAF97AC}
		{4A5CA779-7BF3-49EB-8B54-E83DD6C577D4} = {FE297B4D-134A-4F5F-9E09-81B908ABC41A}
	EndGlobalSection
EndGlobal
