
Microsoft Visual Studio Solution File, Format Version 12.00
# Visual Studio Version 16
VisualStudioVersion = 16.0.30114.105
MinimumVisualStudioVersion = 10.0.40219.1
Project("{2150E333-8FDC-42A3-9474-1A3956D46DE8}") = "src", "src", "{E7CF4782-460F-4994-911E-2CBFAAB906BC}"
EndProject
Project("{FAE04EC0-301F-11D3-BF4B-00C04F79EFBC}") = "GradeBook", "src\GradeBook\GradeBook.csproj", "{9A5F6AFC-5473-4E62-9312-510A57263EBB}"
EndProject
Project("{2150E333-8FDC-42A3-9474-1A3956D46DE8}") = "test", "test", "{5F369CB2-ED3B-431E-83E2-916FCB8C944B}"
EndProject
Project("{FAE04EC0-301F-11D3-BF4B-00C04F79EFBC}") = "GradeBook.test", "test\GradeBook.Test\GradeBook.test.csproj", "{6A4AEED6-8CF2-4BA4-9DEE-BB83EA5F85A9}"
EndProject
Global
	GlobalSection(SolutionConfigurationPlatforms) = preSolution
		Debug|Any CPU = Debug|Any CPU
		Debug|x64 = Debug|x64
		Debug|x86 = Debug|x86
		Release|Any CPU = Release|Any CPU
		Release|x64 = Release|x64
		Release|x86 = Release|x86
	EndGlobalSection
	GlobalSection(SolutionProperties) = preSolution
		HideSolutionNode = FALSE
	EndGlobalSection
	GlobalSection(ProjectConfigurationPlatforms) = postSolution
		{9A5F6AFC-5473-4E62-9312-510A57263EBB}.Debug|Any CPU.ActiveCfg = Debug|Any CPU
		{9A5F6AFC-5473-4E62-9312-510A57263EBB}.Debug|Any CPU.Build.0 = Debug|Any CPU
		{9A5F6AFC-5473-4E62-9312-510A57263EBB}.Debug|x64.ActiveCfg = Debug|Any CPU
		{9A5F6AFC-5473-4E62-9312-510A57263EBB}.Debug|x64.Build.0 = Debug|Any CPU
		{9A5F6AFC-5473-4E62-9312-510A57263EBB}.Debug|x86.ActiveCfg = Debug|Any CPU
		{9A5F6AFC-5473-4E62-9312-510A57263EBB}.Debug|x86.Build.0 = Debug|Any CPU
		{9A5F6AFC-5473-4E62-9312-510A57263EBB}.Release|Any CPU.ActiveCfg = Release|Any CPU
		{9A5F6AFC-5473-4E62-9312-510A57263EBB}.Release|Any CPU.Build.0 = Release|Any CPU
		{9A5F6AFC-5473-4E62-9312-510A57263EBB}.Release|x64.ActiveCfg = Release|Any CPU
		{9A5F6AFC-5473-4E62-9312-510A57263EBB}.Release|x64.Build.0 = Release|Any CPU
		{9A5F6AFC-5473-4E62-9312-510A57263EBB}.Release|x86.ActiveCfg = Release|Any CPU
		{9A5F6AFC-5473-4E62-9312-510A57263EBB}.Release|x86.Build.0 = Release|Any CPU
		{6A4AEED6-8CF2-4BA4-9DEE-BB83EA5F85A9}.Debug|Any CPU.ActiveCfg = Debug|Any CPU
		{6A4AEED6-8CF2-4BA4-9DEE-BB83EA5F85A9}.Debug|Any CPU.Build.0 = Debug|Any CPU
		{6A4AEED6-8CF2-4BA4-9DEE-BB83EA5F85A9}.Debug|x64.ActiveCfg = Debug|Any CPU
		{6A4AEED6-8CF2-4BA4-9DEE-BB83EA5F85A9}.Debug|x64.Build.0 = Debug|Any CPU
		{6A4AEED6-8CF2-4BA4-9DEE-BB83EA5F85A9}.Debug|x86.ActiveCfg = Debug|Any CPU
		{6A4AEED6-8CF2-4BA4-9DEE-BB83EA5F85A9}.Debug|x86.Build.0 = Debug|Any CPU
		{6A4AEED6-8CF2-4BA4-9DEE-BB83EA5F85A9}.Release|Any CPU.ActiveCfg = Release|Any CPU
		{6A4AEED6-8CF2-4BA4-9DEE-BB83EA5F85A9}.Release|Any CPU.Build.0 = Release|Any CPU
		{6A4AEED6-8CF2-4BA4-9DEE-BB83EA5F85A9}.Release|x64.ActiveCfg = Release|Any CPU
		{6A4AEED6-8CF2-4BA4-9DEE-BB83EA5F85A9}.Release|x64.Build.0 = Release|Any CPU
		{6A4AEED6-8CF2-4BA4-9DEE-BB83EA5F85A9}.Release|x86.ActiveCfg = Release|Any CPU
		{6A4AEED6-8CF2-4BA4-9DEE-BB83EA5F85A9}.Release|x86.Build.0 = Release|Any CPU
	EndGlobalSection
	GlobalSection(NestedProjects) = preSolution
		{9A5F6AFC-5473-4E62-9312-510A57263EBB} = {E7CF4782-460F-4994-911E-2CBFAAB906BC}
		{6A4AEED6-8CF2-4BA4-9DEE-BB83EA5F85A9} = {5F369CB2-ED3B-431E-83E2-916FCB8C944B}
	EndGlobalSection
EndGlobal
